
Microsoft Visual Studio Solution File, Format Version 12.00
# Visual Studio Version 16
VisualStudioVersion = 16.0.30204.135
MinimumVisualStudioVersion = 10.0.40219.1
Project("{8BC9CEB8-8B4A-11D0-8D11-00A0C91BC942}") = "Team 10 Code", "Team 10 Code\Team 10 Code.vcxproj", "{D4837A1D-1DF8-4B7B-AE06-E80ACB30A18D}"
EndProject
Global
	GlobalSection(SolutionConfigurationPlatforms) = preSolution
		Debug|x64 = Debug|x64
		Debug|x86 = Debug|x86
		Release|x64 = Release|x64
		Release|x86 = Release|x86
	EndGlobalSection
	GlobalSection(ProjectConfigurationPlatforms) = postSolution
		{D4837A1D-1DF8-4B7B-AE06-E80ACB30A18D}.Debug|x64.ActiveCfg = Debug|x64
		{D4837A1D-1DF8-4B7B-AE06-E80ACB30A18D}.Debug|x64.Build.0 = Debug|x64
		{D4837A1D-1DF8-4B7B-AE06-E80ACB30A18D}.Debug|x86.ActiveCfg = Debug|Win32
		{D4837A1D-1DF8-4B7B-AE06-E80ACB30A18D}.Debug|x86.Build.0 = Debug|Win32
		{D4837A1D-1DF8-4B7B-AE06-E80ACB30A18D}.Release|x64.ActiveCfg = Release|x64
		{D4837A1D-1DF8-4B7B-AE06-E80ACB30A18D}.Release|x64.Build.0 = Release|x64
		{D4837A1D-1DF8-4B7B-AE06-E80ACB30A18D}.Release|x86.ActiveCfg = Release|Win32
		{D4837A1D-1DF8-4B7B-AE06-E80ACB30A18D}.Release|x86.Build.0 = Release|Win32
	EndGlobalSection
	GlobalSection(SolutionProperties) = preSolution
		HideSolutionNode = FALSE
	EndGlobalSection
	GlobalSection(ExtensibilityGlobals) = postSolution
		SolutionGuid = {84A2691B-CD66-4E59-8FD8-A0908997FA73}
	EndGlobalSection
EndGlobal
